
Microsoft Visual Studio Solution File, Format Version 12.00
# Visual Studio Version 17
VisualStudioVersion = 17.10.35004.147
MinimumVisualStudioVersion = 10.0.40219.1
Project("{FAE04EC0-301F-11D3-BF4B-00C04F79EFBC}") = "AUTOMACTIC_INFOTECH_ASSIGMENT", "AUTOMACTIC_INFOTECH_ASSIGMENT\AUTOMACTIC_INFOTECH_ASSIGMENT.csproj", "{98CD5109-6072-4376-B15A-13C4DBEC7E4F}"
EndProject
Global
	GlobalSection(SolutionConfigurationPlatforms) = preSolution
		Debug|Any CPU = Debug|Any CPU
		Release|Any CPU = Release|Any CPU
	EndGlobalSection
	GlobalSection(ProjectConfigurationPlatforms) = postSolution
		{98CD5109-6072-4376-B15A-13C4DBEC7E4F}.Debug|Any CPU.ActiveCfg = Debug|Any CPU
		{98CD5109-6072-4376-B15A-13C4DBEC7E4F}.Debug|Any CPU.Build.0 = Debug|Any CPU
		{98CD5109-6072-4376-B15A-13C4DBEC7E4F}.Release|Any CPU.ActiveCfg = Release|Any CPU
		{98CD5109-6072-4376-B15A-13C4DBEC7E4F}.Release|Any CPU.Build.0 = Release|Any CPU
	EndGlobalSection
	GlobalSection(SolutionProperties) = preSolution
		HideSolutionNode = FALSE
	EndGlobalSection
	GlobalSection(ExtensibilityGlobals) = postSolution
		SolutionGuid = {940258CE-B761-4DF2-A288-9DFA7148A852}
	EndGlobalSection
EndGlobal
